// !$*UTF8*$!
{
	archiveVersion = 1;
	classes = {
	};
	objectVersion = 46;
	objects = {

/* Begin PBXBuildFile section */
		3ABCBB3719251729006B7D17 /* Foundation.framework in Frameworks */ = {isa = PBXBuildFile; fileRef = 3ABCBB3619251729006B7D17 /* Foundation.framework */; };
		3ABCBB3919251729006B7D17 /* CoreGraphics.framework in Frameworks */ = {isa = PBXBuildFile; fileRef = 3ABCBB3819251729006B7D17 /* CoreGraphics.framework */; };
		3ABCBB3B19251729006B7D17 /* UIKit.framework in Frameworks */ = {isa = PBXBuildFile; fileRef = 3ABCBB3A19251729006B7D17 /* UIKit.framework */; };
		3ABCBB4119251729006B7D17 /* InfoPlist.strings in Resources */ = {isa = PBXBuildFile; fileRef = 3ABCBB3F19251729006B7D17 /* InfoPlist.strings */; };
		3ABCBB4319251729006B7D17 /* main.m in Sources */ = {isa = PBXBuildFile; fileRef = 3ABCBB4219251729006B7D17 /* main.m */; };
		3ABCBB4719251729006B7D17 /* ARAppDelegate.m in Sources */ = {isa = PBXBuildFile; fileRef = 3ABCBB4619251729006B7D17 /* ARAppDelegate.m */; };
		3ABCBB4A19251729006B7D17 /* Main.storyboard in Resources */ = {isa = PBXBuildFile; fileRef = 3ABCBB4819251729006B7D17 /* Main.storyboard */; };
		3ABCBB4D19251729006B7D17 /* ARViewController.m in Sources */ = {isa = PBXBuildFile; fileRef = 3ABCBB4C19251729006B7D17 /* ARViewController.m */; };
		3ABCBB4F19251729006B7D17 /* Images.xcassets in Resources */ = {isa = PBXBuildFile; fileRef = 3ABCBB4E19251729006B7D17 /* Images.xcassets */; };
		3ABCBB5619251729006B7D17 /* XCTest.framework in Frameworks */ = {isa = PBXBuildFile; fileRef = 3ABCBB5519251729006B7D17 /* XCTest.framework */; };
		3ABCBB5719251729006B7D17 /* Foundation.framework in Frameworks */ = {isa = PBXBuildFile; fileRef = 3ABCBB3619251729006B7D17 /* Foundation.framework */; };
		3ABCBB5819251729006B7D17 /* UIKit.framework in Frameworks */ = {isa = PBXBuildFile; fileRef = 3ABCBB3A19251729006B7D17 /* UIKit.framework */; };
		3ABCBB6019251729006B7D17 /* InfoPlist.strings in Resources */ = {isa = PBXBuildFile; fileRef = 3ABCBB5E19251729006B7D17 /* InfoPlist.strings */; };
		3ABCBB6219251729006B7D17 /* ARCountdownTimerTests.m in Sources */ = {isa = PBXBuildFile; fileRef = 3ABCBB6119251729006B7D17 /* ARCountdownTimerTests.m */; };
/* End PBXBuildFile section */

/* Begin PBXContainerItemProxy section */
		3ABCBB5919251729006B7D17 /* PBXContainerItemProxy */ = {
			isa = PBXContainerItemProxy;
			containerPortal = 3ABCBB2B19251729006B7D17 /* Project object */;
			proxyType = 1;
			remoteGlobalIDString = 3ABCBB3219251729006B7D17;
			remoteInfo = ARCountdownTimer;
		};
/* End PBXContainerItemProxy section */

/* Begin PBXFileReference section */
		3ABCBB3319251729006B7D17 /* ARCountdownTimer.app */ = {isa = PBXFileReference; explicitFileType = wrapper.application; includeInIndex = 0; path = ARCountdownTimer.app; sourceTree = BUILT_PRODUCTS_DIR; };
		3ABCBB3619251729006B7D17 /* Foundation.framework */ = {isa = PBXFileReference; lastKnownFileType = wrapper.framework; name = Foundation.framework; path = System/Library/Frameworks/Foundation.framework; sourceTree = SDKROOT; };
		3ABCBB3819251729006B7D17 /* CoreGraphics.framework */ = {isa = PBXFileReference; lastKnownFileType = wrapper.framework; name = CoreGraphics.framework; path = System/Library/Frameworks/CoreGraphics.framework; sourceTree = SDKROOT; };
		3ABCBB3A19251729006B7D17 /* UIKit.framework */ = {isa = PBXFileReference; lastKnownFileType = wrapper.framework; name = UIKit.framework; path = System/Library/Frameworks/UIKit.framework; sourceTree = SDKROOT; };
		3ABCBB3E19251729006B7D17 /* ARCountdownTimer-Info.plist */ = {isa = PBXFileReference; lastKnownFileType = text.plist.xml; path = "ARCountdownTimer-Info.plist"; sourceTree = "<group>"; };
		3ABCBB4019251729006B7D17 /* en */ = {isa = PBXFileReference; lastKnownFileType = text.plist.strings; name = en; path = en.lproj/InfoPlist.strings; sourceTree = "<group>"; };
		3ABCBB4219251729006B7D17 /* main.m */ = {isa = PBXFileReference; lastKnownFileType = sourcecode.c.objc; path = main.m; sourceTree = "<group>"; };
		3ABCBB4419251729006B7D17 /* ARCountdownTimer-Prefix.pch */ = {isa = PBXFileReference; lastKnownFileType = sourcecode.c.h; path = "ARCountdownTimer-Prefix.pch"; sourceTree = "<group>"; };
		3ABCBB4519251729006B7D17 /* ARAppDelegate.h */ = {isa = PBXFileReference; lastKnownFileType = sourcecode.c.h; path = ARAppDelegate.h; sourceTree = "<group>"; };
		3ABCBB4619251729006B7D17 /* ARAppDelegate.m */ = {isa = PBXFileReference; lastKnownFileType = sourcecode.c.objc; path = ARAppDelegate.m; sourceTree = "<group>"; };
		3ABCBB4919251729006B7D17 /* Base */ = {isa = PBXFileReference; lastKnownFileType = file.storyboard; name = Base; path = Base.lproj/Main.storyboard; sourceTree = "<group>"; };
		3ABCBB4B19251729006B7D17 /* ARViewController.h */ = {isa = PBXFileReference; lastKnownFileType = sourcecode.c.h; path = ARViewController.h; sourceTree = "<group>"; };
		3ABCBB4C19251729006B7D17 /* ARViewController.m */ = {isa = PBXFileReference; lastKnownFileType = sourcecode.c.objc; path = ARViewController.m; sourceTree = "<group>"; };
		3ABCBB4E19251729006B7D17 /* Images.xcassets */ = {isa = PBXFileReference; lastKnownFileType = folder.assetcatalog; path = Images.xcassets; sourceTree = "<group>"; };
		3ABCBB5419251729006B7D17 /* ARCountdownTimerTests.xctest */ = {isa = PBXFileReference; explicitFileType = wrapper.cfbundle; includeInIndex = 0; path = ARCountdownTimerTests.xctest; sourceTree = BUILT_PRODUCTS_DIR; };
		3ABCBB5519251729006B7D17 /* XCTest.framework */ = {isa = PBXFileReference; lastKnownFileType = wrapper.framework; name = XCTest.framework; path = Library/Frameworks/XCTest.framework; sourceTree = DEVELOPER_DIR; };
		3ABCBB5D19251729006B7D17 /* ARCountdownTimerTests-Info.plist */ = {isa = PBXFileReference; lastKnownFileType = text.plist.xml; path = "ARCountdownTimerTests-Info.plist"; sourceTree = "<group>"; };
		3ABCBB5F19251729006B7D17 /* en */ = {isa = PBXFileReference; lastKnownFileType = text.plist.strings; name = en; path = en.lproj/InfoPlist.strings; sourceTree = "<group>"; };
		3ABCBB6119251729006B7D17 /* ARCountdownTimerTests.m */ = {isa = PBXFileReference; lastKnownFileType = sourcecode.c.objc; path = ARCountdownTimerTests.m; sourceTree = "<group>"; };
/* End PBXFileReference section */

/* Begin PBXFrameworksBuildPhase section */
		3ABCBB3019251729006B7D17 /* Frameworks */ = {
			isa = PBXFrameworksBuildPhase;
			buildActionMask = 2147483647;
			files = (
				3ABCBB3919251729006B7D17 /* CoreGraphics.framework in Frameworks */,
				3ABCBB3B19251729006B7D17 /* UIKit.framework in Frameworks */,
				3ABCBB3719251729006B7D17 /* Foundation.framework in Frameworks */,
			);
			runOnlyForDeploymentPostprocessing = 0;
		};
		3ABCBB5119251729006B7D17 /* Frameworks */ = {
			isa = PBXFrameworksBuildPhase;
			buildActionMask = 2147483647;
			files = (
				3ABCBB5619251729006B7D17 /* XCTest.framework in Frameworks */,
				3ABCBB5819251729006B7D17 /* UIKit.framework in Frameworks */,
				3ABCBB5719251729006B7D17 /* Foundation.framework in Frameworks */,
			);
			runOnlyForDeploymentPostprocessing = 0;
		};
/* End PBXFrameworksBuildPhase section */

/* Begin PBXGroup section */
		3ABCBB2A19251729006B7D17 = {
			isa = PBXGroup;
			children = (
				3ABCBB3C19251729006B7D17 /* ARCountdownTimer */,
				3ABCBB5B19251729006B7D17 /* ARCountdownTimerTests */,
				3ABCBB3519251729006B7D17 /* Frameworks */,
				3ABCBB3419251729006B7D17 /* Products */,
			);
			sourceTree = "<group>";
		};
		3ABCBB3419251729006B7D17 /* Products */ = {
			isa = PBXGroup;
			children = (
				3ABCBB3319251729006B7D17 /* ARCountdownTimer.app */,
				3ABCBB5419251729006B7D17 /* ARCountdownTimerTests.xctest */,
			);
			name = Products;
			sourceTree = "<group>";
		};
		3ABCBB3519251729006B7D17 /* Frameworks */ = {
			isa = PBXGroup;
			children = (
				3ABCBB3619251729006B7D17 /* Foundation.framework */,
				3ABCBB3819251729006B7D17 /* CoreGraphics.framework */,
				3ABCBB3A19251729006B7D17 /* UIKit.framework */,
				3ABCBB5519251729006B7D17 /* XCTest.framework */,
			);
			name = Frameworks;
			sourceTree = "<group>";
		};
		3ABCBB3C19251729006B7D17 /* ARCountdownTimer */ = {
			isa = PBXGroup;
			children = (
				3ABCBB4519251729006B7D17 /* ARAppDelegate.h */,
				3ABCBB4619251729006B7D17 /* ARAppDelegate.m */,
				3ABCBB4819251729006B7D17 /* Main.storyboard */,
				3ABCBB4B19251729006B7D17 /* ARViewController.h */,
				3ABCBB4C19251729006B7D17 /* ARViewController.m */,
				3ABCBB4E19251729006B7D17 /* Images.xcassets */,
				3ABCBB3D19251729006B7D17 /* Supporting Files */,
			);
			path = ARCountdownTimer;
			sourceTree = "<group>";
		};
		3ABCBB3D19251729006B7D17 /* Supporting Files */ = {
			isa = PBXGroup;
			children = (
				3ABCBB3E19251729006B7D17 /* ARCountdownTimer-Info.plist */,
				3ABCBB3F19251729006B7D17 /* InfoPlist.strings */,
				3ABCBB4219251729006B7D17 /* main.m */,
				3ABCBB4419251729006B7D17 /* ARCountdownTimer-Prefix.pch */,
			);
			name = "Supporting Files";
			sourceTree = "<group>";
		};
		3ABCBB5B19251729006B7D17 /* ARCountdownTimerTests */ = {
			isa = PBXGroup;
			children = (
				3ABCBB6119251729006B7D17 /* ARCountdownTimerTests.m */,
				3ABCBB5C19251729006B7D17 /* Supporting Files */,
			);
			path = ARCountdownTimerTests;
			sourceTree = "<group>";
		};
		3ABCBB5C19251729006B7D17 /* Supporting Files */ = {
			isa = PBXGroup;
			children = (
				3ABCBB5D19251729006B7D17 /* ARCountdownTimerTests-Info.plist */,
				3ABCBB5E19251729006B7D17 /* InfoPlist.strings */,
			);
			name = "Supporting Files";
			sourceTree = "<group>";
		};
/* End PBXGroup section */

/* Begin PBXNativeTarget section */
		3ABCBB3219251729006B7D17 /* ARCountdownTimer */ = {
			isa = PBXNativeTarget;
			buildConfigurationList = 3ABCBB6519251729006B7D17 /* Build configuration list for PBXNativeTarget "ARCountdownTimer" */;
			buildPhases = (
				3ABCBB2F19251729006B7D17 /* Sources */,
				3ABCBB3019251729006B7D17 /* Frameworks */,
				3ABCBB3119251729006B7D17 /* Resources */,
			);
			buildRules = (
			);
			dependencies = (
			);
			name = ARCountdownTimer;
			productName = ARCountdownTimer;
			productReference = 3ABCBB3319251729006B7D17 /* ARCountdownTimer.app */;
			productType = "com.apple.product-type.application";
		};
		3ABCBB5319251729006B7D17 /* ARCountdownTimerTests */ = {
			isa = PBXNativeTarget;
			buildConfigurationList = 3ABCBB6819251729006B7D17 /* Build configuration list for PBXNativeTarget "ARCountdownTimerTests" */;
			buildPhases = (
				3ABCBB5019251729006B7D17 /* Sources */,
				3ABCBB5119251729006B7D17 /* Frameworks */,
				3ABCBB5219251729006B7D17 /* Resources */,
			);
			buildRules = (
			);
			dependencies = (
				3ABCBB5A19251729006B7D17 /* PBXTargetDependency */,
			);
			name = ARCountdownTimerTests;
			productName = ARCountdownTimerTests;
			productReference = 3ABCBB5419251729006B7D17 /* ARCountdownTimerTests.xctest */;
			productType = "com.apple.product-type.bundle.unit-test";
		};
/* End PBXNativeTarget section */

/* Begin PBXProject section */
		3ABCBB2B19251729006B7D17 /* Project object */ = {
			isa = PBXProject;
			attributes = {
				CLASSPREFIX = AR;
				LastUpgradeCheck = 0510;
				ORGANIZATIONNAME = "Anton Hilario Rivera";
				TargetAttributes = {
					3ABCBB5319251729006B7D17 = {
						TestTargetID = 3ABCBB3219251729006B7D17;
					};
				};
			};
			buildConfigurationList = 3ABCBB2E19251729006B7D17 /* Build configuration list for PBXProject "ARCountdownTimer" */;
			compatibilityVersion = "Xcode 3.2";
			developmentRegion = English;
			hasScannedForEncodings = 0;
			knownRegions = (
				en,
				Base,
			);
			mainGroup = 3ABCBB2A19251729006B7D17;
			productRefGroup = 3ABCBB3419251729006B7D17 /* Products */;
			projectDirPath = "";
			projectRoot = "";
			targets = (
				3ABCBB3219251729006B7D17 /* ARCountdownTimer */,
				3ABCBB5319251729006B7D17 /* ARCountdownTimerTests */,
			);
		};
/* End PBXProject section */

/* Begin PBXResourcesBuildPhase section */
		3ABCBB3119251729006B7D17 /* Resources */ = {
			isa = PBXResourcesBuildPhase;
			buildActionMask = 2147483647;
			files = (
				3ABCBB4F19251729006B7D17 /* Images.xcassets in Resources */,
				3ABCBB4119251729006B7D17 /* InfoPlist.strings in Resources */,
				3ABCBB4A19251729006B7D17 /* Main.storyboard in Resources */,
			);
			runOnlyForDeploymentPostprocessing = 0;
		};
		3ABCBB5219251729006B7D17 /* Resources */ = {
			isa = PBXResourcesBuildPhase;
			buildActionMask = 2147483647;
			files = (
				3ABCBB6019251729006B7D17 /* InfoPlist.strings in Resources */,
			);
			runOnlyForDeploymentPostprocessing = 0;
		};
/* End PBXResourcesBuildPhase section */

/* Begin PBXSourcesBuildPhase section */
		3ABCBB2F19251729006B7D17 /* Sources */ = {
			isa = PBXSourcesBuildPhase;
			buildActionMask = 2147483647;
			files = (
				3ABCBB4319251729006B7D17 /* main.m in Sources */,
				3ABCBB4D19251729006B7D17 /* ARViewController.m in Sources */,
				3ABCBB4719251729006B7D17 /* ARAppDelegate.m in Sources */,
			);
			runOnlyForDeploymentPostprocessing = 0;
		};
		3ABCBB5019251729006B7D17 /* Sources */ = {
			isa = PBXSourcesBuildPhase;
			buildActionMask = 2147483647;
			files = (
				3ABCBB6219251729006B7D17 /* ARCountdownTimerTests.m in Sources */,
			);
			runOnlyForDeploymentPostprocessing = 0;
		};
/* End PBXSourcesBuildPhase section */

/* Begin PBXTargetDependency section */
		3ABCBB5A19251729006B7D17 /* PBXTargetDependency */ = {
			isa = PBXTargetDependency;
			target = 3ABCBB3219251729006B7D17 /* ARCountdownTimer */;
			targetProxy = 3ABCBB5919251729006B7D17 /* PBXContainerItemProxy */;
		};
/* End PBXTargetDependency section */

/* Begin PBXVariantGroup section */
		3ABCBB3F19251729006B7D17 /* InfoPlist.strings */ = {
			isa = PBXVariantGroup;
			children = (
				3ABCBB4019251729006B7D17 /* en */,
			);
			name = InfoPlist.strings;
			sourceTree = "<group>";
		};
		3ABCBB4819251729006B7D17 /* Main.storyboard */ = {
			isa = PBXVariantGroup;
			children = (
				3ABCBB4919251729006B7D17 /* Base */,
			);
			name = Main.storyboard;
			sourceTree = "<group>";
		};
		3ABCBB5E19251729006B7D17 /* InfoPlist.strings */ = {
			isa = PBXVariantGroup;
			children = (
				3ABCBB5F19251729006B7D17 /* en */,
			);
			name = InfoPlist.strings;
			sourceTree = "<group>";
		};
/* End PBXVariantGroup section */

/* Begin XCBuildConfiguration section */
		3ABCBB6319251729006B7D17 /* Debug */ = {
			isa = XCBuildConfiguration;
			buildSettings = {
				ALWAYS_SEARCH_USER_PATHS = NO;
				CLANG_CXX_LANGUAGE_STANDARD = "gnu++0x";
				CLANG_CXX_LIBRARY = "libc++";
				CLANG_ENABLE_MODULES = YES;
				CLANG_ENABLE_OBJC_ARC = YES;
				CLANG_WARN_BOOL_CONVERSION = YES;
				CLANG_WARN_CONSTANT_CONVERSION = YES;
				CLANG_WARN_DIRECT_OBJC_ISA_USAGE = YES_ERROR;
				CLANG_WARN_EMPTY_BODY = YES;
				CLANG_WARN_ENUM_CONVERSION = YES;
				CLANG_WARN_INT_CONVERSION = YES;
				CLANG_WARN_OBJC_ROOT_CLASS = YES_ERROR;
				CLANG_WARN__DUPLICATE_METHOD_MATCH = YES;
				"CODE_SIGN_IDENTITY[sdk=iphoneos*]" = "iPhone Developer";
				COPY_PHASE_STRIP = NO;
				GCC_C_LANGUAGE_STANDARD = gnu99;
				GCC_DYNAMIC_NO_PIC = NO;
				GCC_OPTIMIZATION_LEVEL = 0;
				GCC_PREPROCESSOR_DEFINITIONS = (
					"DEBUG=1",
					"$(inherited)",
				);
				GCC_SYMBOLS_PRIVATE_EXTERN = NO;
				GCC_WARN_64_TO_32_BIT_CONVERSION = YES;
				GCC_WARN_ABOUT_RETURN_TYPE = YES_ERROR;
				GCC_WARN_UNDECLARED_SELECTOR = YES;
				GCC_WARN_UNINITIALIZED_AUTOS = YES_AGGRESSIVE;
				GCC_WARN_UNUSED_FUNCTION = YES;
				GCC_WARN_UNUSED_VARIABLE = YES;
				IPHONEOS_DEPLOYMENT_TARGET = 7.1;
				ONLY_ACTIVE_ARCH = YES;
				SDKROOT = iphoneos;
			};
			name = Debug;
		};
		3ABCBB6419251729006B7D17 /* Release */ = {
			isa = XCBuildConfiguration;
			buildSettings = {
				ALWAYS_SEARCH_USER_PATHS = NO;
				CLANG_CXX_LANGUAGE_STANDARD = "gnu++0x";
				CLANG_CXX_LIBRARY = "libc++";
				CLANG_ENABLE_MODULES = YES;
				CLANG_ENABLE_OBJC_ARC = YES;
				CLANG_WARN_BOOL_CONVERSION = YES;
				CLANG_WARN_CONSTANT_CONVERSION = YES;
				CLANG_WARN_DIRECT_OBJC_ISA_USAGE = YES_ERROR;
				CLANG_WARN_EMPTY_BODY = YES;
				CLANG_WARN_ENUM_CONVERSION = YES;
				CLANG_WARN_INT_CONVERSION = YES;
				CLANG_WARN_OBJC_ROOT_CLASS = YES_ERROR;
				CLANG_WARN__DUPLICATE_METHOD_MATCH = YES;
				"CODE_SIGN_IDENTITY[sdk=iphoneos*]" = "iPhone Developer";
				COPY_PHASE_STRIP = YES;
				ENABLE_NS_ASSERTIONS = NO;
				GCC_C_LANGUAGE_STANDARD = gnu99;
				GCC_WARN_64_TO_32_BIT_CONVERSION = YES;
				GCC_WARN_ABOUT_RETURN_TYPE = YES_ERROR;
				GCC_WARN_UNDECLARED_SELECTOR = YES;
				GCC_WARN_UNINITIALIZED_AUTOS = YES_AGGRESSIVE;
				GCC_WARN_UNUSED_FUNCTION = YES;
				GCC_WARN_UNUSED_VARIABLE = YES;
				IPHONEOS_DEPLOYMENT_TARGET = 7.1;
				SDKROOT = iphoneos;
				VALIDATE_PRODUCT = YES;
			};
			name = Release;
		};
		3ABCBB6619251729006B7D17 /* Debug */ = {
			isa = XCBuildConfiguration;
			buildSettings = {
				ASSETCATALOG_COMPILER_APPICON_NAME = AppIcon;
				ASSETCATALOG_COMPILER_LAUNCHIMAGE_NAME = LaunchImage;
				GCC_PRECOMPILE_PREFIX_HEADER = YES;
				GCC_PREFIX_HEADER = "ARCountdownTimer/ARCountdownTimer-Prefix.pch";
				INFOPLIST_FILE = "ARCountdownTimer/ARCountdownTimer-Info.plist";
				PRODUCT_NAME = "$(TARGET_NAME)";
				WRAPPER_EXTENSION = app;
			};
			name = Debug;
		};
		3ABCBB6719251729006B7D17 /* Release */ = {
			isa = XCBuildConfiguration;
			buildSettings = {
				ASSETCATALOG_COMPILER_APPICON_NAME = AppIcon;
				ASSETCATALOG_COMPILER_LAUNCHIMAGE_NAME = LaunchImage;
				GCC_PRECOMPILE_PREFIX_HEADER = YES;
				GCC_PREFIX_HEADER = "ARCountdownTimer/ARCountdownTimer-Prefix.pch";
				INFOPLIST_FILE = "ARCountdownTimer/ARCountdownTimer-Info.plist";
				PRODUCT_NAME = "$(TARGET_NAME)";
				WRAPPER_EXTENSION = app;
			};
			name = Release;
		};
		3ABCBB6919251729006B7D17 /* Debug */ = {
			isa = XCBuildConfiguration;
			buildSettings = {
				BUNDLE_LOADER = "$(BUILT_PRODUCTS_DIR)/ARCountdownTimer.app/ARCountdownTimer";
				FRAMEWORK_SEARCH_PATHS = (
					"$(SDKROOT)/Developer/Library/Frameworks",
					"$(inherited)",
					"$(DEVELOPER_FRAMEWORKS_DIR)",
				);
				GCC_PRECOMPILE_PREFIX_HEADER = YES;
				GCC_PREFIX_HEADER = "ARCountdownTimer/ARCountdownTimer-Prefix.pch";
				GCC_PREPROCESSOR_DEFINITIONS = (
					"DEBUG=1",
					"$(inherited)",
				);
				INFOPLIST_FILE = "ARCountdownTimerTests/ARCountdownTimerTests-Info.plist";
				PRODUCT_NAME = "$(TARGET_NAME)";
				TEST_HOST = "$(BUNDLE_LOADER)";
				WRAPPER_EXTENSION = xctest;
			};
			name = Debug;
		};
		3ABCBB6A19251729006B7D17 /* Release */ = {
			isa = XCBuildConfiguration;
			buildSettings = {
				BUNDLE_LOADER = "$(BUILT_PRODUCTS_DIR)/ARCountdownTimer.app/ARCountdownTimer";
				FRAMEWORK_SEARCH_PATHS = (
					"$(SDKROOT)/Developer/Library/Frameworks",
					"$(inherited)",
					"$(DEVELOPER_FRAMEWORKS_DIR)",
				);
				GCC_PRECOMPILE_PREFIX_HEADER = YES;
				GCC_PREFIX_HEADER = "ARCountdownTimer/ARCountdownTimer-Prefix.pch";
				INFOPLIST_FILE = "ARCountdownTimerTests/ARCountdownTimerTests-Info.plist";
				PRODUCT_NAME = "$(TARGET_NAME)";
				TEST_HOST = "$(BUNDLE_LOADER)";
				WRAPPER_EXTENSION = xctest;
			};
			name = Release;
		};
/* End XCBuildConfiguration section */

/* Begin XCConfigurationList section */
		3ABCBB2E19251729006B7D17 /* Build configuration list for PBXProject "ARCountdownTimer" */ = {
			isa = XCConfigurationList;
			buildConfigurations = (
				3ABCBB6319251729006B7D17 /* Debug */,
				3ABCBB6419251729006B7D17 /* Release */,
			);
			defaultConfigurationIsVisible = 0;
			defaultConfigurationName = Release;
		};
		3ABCBB6519251729006B7D17 /* Build configuration list for PBXNativeTarget "ARCountdownTimer" */ = {
			isa = XCConfigurationList;
			buildConfigurations = (
				3ABCBB6619251729006B7D17 /* Debug */,
				3ABCBB6719251729006B7D17 /* Release */,
			);
			defaultConfigurationIsVisible = 0;
		};
		3ABCBB6819251729006B7D17 /* Build configuration list for PBXNativeTarget "ARCountdownTimerTests" */ = {
			isa = XCConfigurationList;
			buildConfigurations = (
				3ABCBB6919251729006B7D17 /* Debug */,
				3ABCBB6A19251729006B7D17 /* Release */,
			);
			defaultConfigurationIsVisible = 0;
		};
/* End XCConfigurationList section */
	};
	rootObject = 3ABCBB2B19251729006B7D17 /* Project object */;
}
